
Microsoft Visual Studio Solution File, Format Version 12.00
# Visual Studio Version 17
VisualStudioVersion = 17.0.31903.59
MinimumVisualStudioVersion = 10.0.40219.1
Project("{2150E333-8FDC-42A3-9474-1A3956D46DE8}") = "src", "src", "{9B0F33C8-DF89-4C60-B4D0-D8BD5BD723AD}"
EndProject
Project("{9A19103F-16F7-4668-BE54-9A1E7A4F7556}") = "FoodREST.API", "src\FoodREST.API\FoodREST.API.csproj", "{0484D609-2BDF-4F6C-BC39-AFEAC6D6031D}"
EndProject
Project("{9A19103F-16F7-4668-BE54-9A1E7A4F7556}") = "FoodREST.Application", "src\FoodREST.Application\FoodREST.Application.csproj", "{06AD70E5-03BE-44FD-9FC6-08AFB27083C7}"
EndProject
Project("{9A19103F-16F7-4668-BE54-9A1E7A4F7556}") = "FoodREST.Domain", "src\FoodREST.Domain\FoodREST.Domain.csproj", "{0EBE2268-062E-45F6-B5B8-50C40B9EA8E1}"
EndProject
Project("{9A19103F-16F7-4668-BE54-9A1E7A4F7556}") = "FoodREST.Infrastructure", "src\FoodREST.Infrastructure\FoodREST.Infrastructure.csproj", "{9F7EA644-BC46-4690-A50E-7AB558081EBE}"
EndProject
Project("{2150E333-8FDC-42A3-9474-1A3956D46DE8}") = "test", "test", "{D87B50DE-E0CF-4AE4-AA90-F66FB10A0285}"
EndProject
Project("{9A19103F-16F7-4668-BE54-9A1E7A4F7556}") = "FoodREST.API.Tests.Integration", "test\FoodREST.API.Tests.Integration\FoodREST.API.Tests.Integration.csproj", "{7E067596-A06D-4C25-9143-60DA7C4F36A5}"
EndProject
Project("{9A19103F-16F7-4668-BE54-9A1E7A4F7556}") = "FoodREST.API.Tests.Unit", "test\FoodREST.API.Tests.Unit\FoodREST.API.Tests.Unit.csproj", "{5B9CF25B-4037-4F89-B4B5-11A47BD9E383}"
EndProject
Project("{9A19103F-16F7-4668-BE54-9A1E7A4F7556}") = "FoodREST.Application.Tests.Unit", "test\FoodREST.Application.Tests.Unit\FoodREST.Application.Tests.Unit.csproj", "{06F08B03-E3D0-4311-9E22-747A221E8B1E}"
EndProject
Project("{9A19103F-16F7-4668-BE54-9A1E7A4F7556}") = "FoodREST.Domain.Tests.Unit", "test\FoodREST.Domain.Tests.Unit\FoodREST.Domain.Tests.Unit.csproj", "{ADFBDFC4-6F98-4994-85B9-2FA4ED86FFCF}"
EndProject
Project("{2150E333-8FDC-42A3-9474-1A3956D46DE8}") = ".SolutionItems", ".SolutionItems", "{60A67834-BBF7-40AD-A56C-3874A0389F82}"
	ProjectSection(SolutionItems) = preProject
		..\..\dometrain\modular-monoliths\src\.editorconfig = ..\..\dometrain\modular-monoliths\src\.editorconfig
		..\..\dometrain\modular-monoliths\src\Directory.Build.props = ..\..\dometrain\modular-monoliths\src\Directory.Build.props
	EndProjectSection
EndProject
Global
	GlobalSection(SolutionConfigurationPlatforms) = preSolution
		Debug|Any CPU = Debug|Any CPU
		Release|Any CPU = Release|Any CPU
	EndGlobalSection
	GlobalSection(ProjectConfigurationPlatforms) = postSolution
		{0484D609-2BDF-4F6C-BC39-AFEAC6D6031D}.Debug|Any CPU.ActiveCfg = Debug|Any CPU
		{0484D609-2BDF-4F6C-BC39-AFEAC6D6031D}.Debug|Any CPU.Build.0 = Debug|Any CPU
		{0484D609-2BDF-4F6C-BC39-AFEAC6D6031D}.Release|Any CPU.ActiveCfg = Release|Any CPU
		{0484D609-2BDF-4F6C-BC39-AFEAC6D6031D}.Release|Any CPU.Build.0 = Release|Any CPU
		{06AD70E5-03BE-44FD-9FC6-08AFB27083C7}.Debug|Any CPU.ActiveCfg = Debug|Any CPU
		{06AD70E5-03BE-44FD-9FC6-08AFB27083C7}.Debug|Any CPU.Build.0 = Debug|Any CPU
		{06AD70E5-03BE-44FD-9FC6-08AFB27083C7}.Release|Any CPU.ActiveCfg = Release|Any CPU
		{06AD70E5-03BE-44FD-9FC6-08AFB27083C7}.Release|Any CPU.Build.0 = Release|Any CPU
		{0EBE2268-062E-45F6-B5B8-50C40B9EA8E1}.Debug|Any CPU.ActiveCfg = Debug|Any CPU
		{0EBE2268-062E-45F6-B5B8-50C40B9EA8E1}.Debug|Any CPU.Build.0 = Debug|Any CPU
		{0EBE2268-062E-45F6-B5B8-50C40B9EA8E1}.Release|Any CPU.ActiveCfg = Release|Any CPU
		{0EBE2268-062E-45F6-B5B8-50C40B9EA8E1}.Release|Any CPU.Build.0 = Release|Any CPU
		{9F7EA644-BC46-4690-A50E-7AB558081EBE}.Debug|Any CPU.ActiveCfg = Debug|Any CPU
		{9F7EA644-BC46-4690-A50E-7AB558081EBE}.Debug|Any CPU.Build.0 = Debug|Any CPU
		{9F7EA644-BC46-4690-A50E-7AB558081EBE}.Release|Any CPU.ActiveCfg = Release|Any CPU
		{9F7EA644-BC46-4690-A50E-7AB558081EBE}.Release|Any CPU.Build.0 = Release|Any CPU
		{7E067596-A06D-4C25-9143-60DA7C4F36A5}.Debug|Any CPU.ActiveCfg = Debug|Any CPU
		{7E067596-A06D-4C25-9143-60DA7C4F36A5}.Debug|Any CPU.Build.0 = Debug|Any CPU
		{7E067596-A06D-4C25-9143-60DA7C4F36A5}.Release|Any CPU.ActiveCfg = Release|Any CPU
		{7E067596-A06D-4C25-9143-60DA7C4F36A5}.Release|Any CPU.Build.0 = Release|Any CPU
		{5B9CF25B-4037-4F89-B4B5-11A47BD9E383}.Debug|Any CPU.ActiveCfg = Debug|Any CPU
		{5B9CF25B-4037-4F89-B4B5-11A47BD9E383}.Debug|Any CPU.Build.0 = Debug|Any CPU
		{5B9CF25B-4037-4F89-B4B5-11A47BD9E383}.Release|Any CPU.ActiveCfg = Release|Any CPU
		{5B9CF25B-4037-4F89-B4B5-11A47BD9E383}.Release|Any CPU.Build.0 = Release|Any CPU
		{06F08B03-E3D0-4311-9E22-747A221E8B1E}.Debug|Any CPU.ActiveCfg = Debug|Any CPU
		{06F08B03-E3D0-4311-9E22-747A221E8B1E}.Debug|Any CPU.Build.0 = Debug|Any CPU
		{06F08B03-E3D0-4311-9E22-747A221E8B1E}.Release|Any CPU.ActiveCfg = Release|Any CPU
		{06F08B03-E3D0-4311-9E22-747A221E8B1E}.Release|Any CPU.Build.0 = Release|Any CPU
		{ADFBDFC4-6F98-4994-85B9-2FA4ED86FFCF}.Debug|Any CPU.ActiveCfg = Debug|Any CPU
		{ADFBDFC4-6F98-4994-85B9-2FA4ED86FFCF}.Debug|Any CPU.Build.0 = Debug|Any CPU
		{ADFBDFC4-6F98-4994-85B9-2FA4ED86FFCF}.Release|Any CPU.ActiveCfg = Release|Any CPU
		{ADFBDFC4-6F98-4994-85B9-2FA4ED86FFCF}.Release|Any CPU.Build.0 = Release|Any CPU
	EndGlobalSection
	GlobalSection(SolutionProperties) = preSolution
		HideSolutionNode = FALSE
	EndGlobalSection
	GlobalSection(NestedProjects) = preSolution
		{0484D609-2BDF-4F6C-BC39-AFEAC6D6031D} = {9B0F33C8-DF89-4C60-B4D0-D8BD5BD723AD}
		{06AD70E5-03BE-44FD-9FC6-08AFB27083C7} = {9B0F33C8-DF89-4C60-B4D0-D8BD5BD723AD}
		{0EBE2268-062E-45F6-B5B8-50C40B9EA8E1} = {9B0F33C8-DF89-4C60-B4D0-D8BD5BD723AD}
		{9F7EA644-BC46-4690-A50E-7AB558081EBE} = {9B0F33C8-DF89-4C60-B4D0-D8BD5BD723AD}
		{7E067596-A06D-4C25-9143-60DA7C4F36A5} = {D87B50DE-E0CF-4AE4-AA90-F66FB10A0285}
		{5B9CF25B-4037-4F89-B4B5-11A47BD9E383} = {D87B50DE-E0CF-4AE4-AA90-F66FB10A0285}
		{06F08B03-E3D0-4311-9E22-747A221E8B1E} = {D87B50DE-E0CF-4AE4-AA90-F66FB10A0285}
		{ADFBDFC4-6F98-4994-85B9-2FA4ED86FFCF} = {D87B50DE-E0CF-4AE4-AA90-F66FB10A0285}
	EndGlobalSection
EndGlobal
